
Microsoft Visual Studio Solution File, Format Version 12.00
# Visual Studio 15
VisualStudioVersion = 15.0.28307.329
MinimumVisualStudioVersion = 10.0.40219.1
Project("{FAE04EC0-301F-11D3-BF4B-00C04F79EFBC}") = "KvalitetProjekt", "KvalitetProjekt\KvalitetProjekt.csproj", "{EAE2A899-CFA2-40D5-BF38-A8EC97DD1B02}"
EndProject
Global
	GlobalSection(SolutionConfigurationPlatforms) = preSolution
		Debug|Any CPU = Debug|Any CPU
		Release|Any CPU = Release|Any CPU
	EndGlobalSection
	GlobalSection(ProjectConfigurationPlatforms) = postSolution
		{EAE2A899-CFA2-40D5-BF38-A8EC97DD1B02}.Debug|Any CPU.ActiveCfg = Debug|Any CPU
		{EAE2A899-CFA2-40D5-BF38-A8EC97DD1B02}.Debug|Any CPU.Build.0 = Debug|Any CPU
		{EAE2A899-CFA2-40D5-BF38-A8EC97DD1B02}.Release|Any CPU.ActiveCfg = Release|Any CPU
		{EAE2A899-CFA2-40D5-BF38-A8EC97DD1B02}.Release|Any CPU.Build.0 = Release|Any CPU
	EndGlobalSection
	GlobalSection(SolutionProperties) = preSolution
		HideSolutionNode = FALSE
	EndGlobalSection
	GlobalSection(ExtensibilityGlobals) = postSolution
		SolutionGuid = {D7B662FC-26C3-4164-89A0-20E802B270BD}
	EndGlobalSection
EndGlobal
